{
  "version": 4,
  "terraform_version": "1.5.4",
  "serial": 12,
  "lineage": "423fd772-b2b2-0b8a-9ece-c8d049e7cf29",
  "outputs": {},
  "resources": [
    {
      "mode": "managed",
      "type": "google_container_cluster",
      "name": "gke_cluster",
      "provider": "provider[\"registry.terraform.io/hashicorp/google\"]",
      "instances": [
        {
          "schema_version": 1,
          "attributes": {
            "addons_config": [
              {
                "cloudrun_config": [],
                "config_connector_config": [],
                "dns_cache_config": [],
                "gce_persistent_disk_csi_driver_config": [
                  {
                    "enabled": true
                  }
                ],
                "gcp_filestore_csi_driver_config": [],
                "gcs_fuse_csi_driver_config": [],
                "gke_backup_agent_config": [],
                "horizontal_pod_autoscaling": [],
                "http_load_balancing": [],
                "network_policy_config": [
                  {
                    "disabled": true
                  }
                ]
              }
            ],
            "allow_net_admin": null,
            "authenticator_groups_config": [],
            "binary_authorization": [
              {
                "enabled": false,
                "evaluation_mode": ""
              }
            ],
            "cluster_autoscaling": [
              {
                "auto_provisioning_defaults": [],
                "enabled": false,
                "resource_limits": []
              }
            ],
            "cluster_ipv4_cidr": "10.0.0.0/14",
            "confidential_nodes": [],
            "cost_management_config": [],
            "database_encryption": [
              {
                "key_name": "",
                "state": "DECRYPTED"
              }
            ],
            "datapath_provider": "",
            "default_max_pods_per_node": null,
            "default_snat_status": [
              {
                "disabled": false
              }
            ],
            "description": "",
            "dns_config": [],
            "enable_autopilot": false,
            "enable_binary_authorization": false,
            "enable_intranode_visibility": false,
            "enable_kubernetes_alpha": false,
            "enable_l4_ilb_subsetting": false,
            "enable_legacy_abac": false,
            "enable_shielded_nodes": true,
            "enable_tpu": false,
            "endpoint": "34.140.65.96",
            "gateway_api_config": [],
            "id": "projects/mydevopsproject-395211/locations/europe-west1-b/clusters/my-gke-cluster",
            "initial_node_count": 3,
            "ip_allocation_policy": [],
            "label_fingerprint": "a9dc16a7",
            "location": "europe-west1-b",
            "logging_config": [
              {
                "enable_components": [
                  "SYSTEM_COMPONENTS",
                  "WORKLOADS"
                ]
              }
            ],
            "logging_service": "logging.googleapis.com/kubernetes",
            "maintenance_policy": [],
            "master_auth": [
              {
                "client_certificate": "",
                "client_certificate_config": [
                  {
                    "issue_client_certificate": false
                  }
                ],
                "client_key": "",
                "cluster_ca_certificate": "LS0tLS1CRUdJTiBDRVJUSUZJQ0FURS0tLS0tCk1JSUVMRENDQXBTZ0F3SUJBZ0lRTnBKTXp2dVh4S2V4WS8raHRUMlVQekFOQmdrcWhraUc5dzBCQVFzRkFEQXYKTVMwd0t3WURWUVFERXlRMU56TTVaR0pqWVMweE1URXlMVFJqTlRJdE9XWmtNQzA1TURSaU5XTTFOMk5tTUdVdwpJQmNOTWpNd09EQTNNVEV3T0RNM1doZ1BNakExTXpBM016QXhNakE0TXpkYU1DOHhMVEFyQmdOVkJBTVRKRFUzCk16bGtZbU5oTFRFeE1USXROR00xTWkwNVptUXdMVGt3TkdJMVl6VTNZMll3WlRDQ0FhSXdEUVlKS29aSWh2Y04KQVFFQkJRQURnZ0dQQURDQ0FZb0NnZ0dCQUtiNC9vbm9hV01pblJWNEhSQ3NXVzQzbWNocmVicXMwMVBTYlJDVQp4UWUrZ1pETUJ2SjE0TmZCN05TYXZWR242TGY2eVM5UjRoK0JQVGU3d3hGRzlQSFdJS0ltS3o1NzFKbkk3eVkvCkp4QnkwWWE3bTVBYllIRTFybVdNamcrSisrRC9aS1JNL01zVTY3Z1VtblVwU0ZZU2RaTWlud1B6Z2x4QU1kYW8KZGxsYjJDVkliZG1iakxjN0ZKeHF1S3gxRlF1ZlNybWY0YmlvZWVWVVBlY1VoV3pSanFLZXlVVWNZcUpST0VleQpiSzJLZ3lmWU43eGVpcEdWeFNiZVllM3VUaU9DNThLejBqWTJaNU02Uk9KeWN4WEp2Uzd0S3lCMkRmM0dyUmp3CkZsV29nQldpYkZFUGp3b0NJbmpJd0MyKzlUclJIY05yU0NrMUlCa2ZtRWRyc0d4VktnMnFpcW5Cb1d3R3NObS8KZERFZ2hjS3Z6c3ZDOGMray9QQWNpNFY2Y2tLT1N6czBkUCs2NlNiYnlDUWJrRUZZNUl5Z0FnSklhc0VCcW1vUwo0bUtzS3FmVWRwRUI5aXZ4NkdtWTNhUnYzTnZ2Q3ZkYnNJWGFyNW0rQVBtL2tXTGRHTEdLdGJONWlpWWhnNHFzClRnWVIxNElrektnWU8zUWRwdjR4alovNzZRSURBUUFCbzBJd1FEQU9CZ05WSFE4QkFmOEVCQU1DQWdRd0R3WUQKVlIwVEFRSC9CQVV3QXdFQi96QWRCZ05WSFE0RUZnUVVBazhFZjNNcWpwdll6eUdaUW91Z212OEpQdUV3RFFZSgpLb1pJaHZjTkFRRUxCUUFEZ2dHQkFIaVFLRE0wV2ZSem03VmRHVVM5alhsL3dXK25KKzlMVUhaZHNCUDBYbnpsClRXV0VrUThINkFjcDlvVjZ1Qm12dFFZMmg5RDkvbERTTW1oUHppblFzUkwxenRCa3U4UkJJa0k5VVlUNWluZ3EKck44bzF4WVZMR2ZDOWNBUVVOZ0ZiYzBGaGFaUDArZUZEbmVHbHVzSzNGS1ZiUWc2WEhFNEE0SXorb1lLZmNiMApFNE1aM3JJczBZdkZ2VmpJdVM3RlFJenFDQ2pqSHdKTHR0SUZhQzJrdnltMzJEelE2RjYyRGwwRTgvUHdLZEQ1CkowMWFpTURFSVZoNlc1TjdHenNadlVtbHdqYzgrMnNoaU9kZFExdmUvR0lkTnUvRTQ5eGpiSUMyRDhUbmZsZmYKMU1EVnRYV0x2a2dIUTlWUGs4c1FDZkJOczNUUmFudHVpUHJ5aVpVMzZkT3ZxVGR5OGlEUE9FcU4xSWQ4VEh3dgp2R0hqS3NMeW80ejZRaC9NcFlzbER4YStzWURheTFqenRYZC9vVG1BNkRjS1kyblJ5bWl2Zkc0ZXlUUjhoQVNpClRQTVhPcGoyaFZzOVptb3BqQ0Z4QzRQaS9yZmFIcFI3NDdETFFwcWQ1TEFzdy96amJJTytmZCtSZ1JiaVFUckgKL0VtVmEwdlZ3ektLeEk0cks3Mm1rdz09Ci0tLS0tRU5EIENFUlRJRklDQVRFLS0tLS0K"
              }
            ],
            "master_authorized_networks_config": [],
            "master_version": "1.27.2-gke.1200",
            "mesh_certificates": [],
            "min_master_version": null,
            "monitoring_config": [
              {
                "enable_components": [
                  "SYSTEM_COMPONENTS"
                ],
                "managed_prometheus": [
                  {
                    "enabled": true
                  }
                ]
              }
            ],
            "monitoring_service": "monitoring.googleapis.com/kubernetes",
            "name": "my-gke-cluster",
            "network": "projects/mydevopsproject-395211/global/networks/default",
            "network_policy": [
              {
                "enabled": false,
                "provider": "PROVIDER_UNSPECIFIED"
              }
            ],
            "networking_mode": "ROUTES",
            "node_config": [
              {
                "advanced_machine_features": [],
                "boot_disk_kms_key": "",
                "disk_size_gb": 100,
                "disk_type": "pd-balanced",
                "ephemeral_storage_local_ssd_config": [],
                "gcfs_config": [],
                "guest_accelerator": [],
                "gvnic": [],
                "image_type": "COS_CONTAINERD",
                "kubelet_config": [],
                "labels": {},
                "linux_node_config": [],
                "local_nvme_ssd_block_config": [],
                "local_ssd_count": 0,
                "logging_variant": "DEFAULT",
                "machine_type": "e2-medium",
                "metadata": {
                  "disable-legacy-endpoints": "true"
                },
                "min_cpu_platform": "",
                "node_group": "",
                "oauth_scopes": [
                  "https://www.googleapis.com/auth/devstorage.read_only",
                  "https://www.googleapis.com/auth/logging.write",
                  "https://www.googleapis.com/auth/monitoring",
                  "https://www.googleapis.com/auth/service.management.readonly",
                  "https://www.googleapis.com/auth/servicecontrol",
                  "https://www.googleapis.com/auth/trace.append"
                ],
                "preemptible": false,
                "reservation_affinity": [],
                "resource_labels": {},
                "service_account": "default",
                "shielded_instance_config": [
                  {
                    "enable_integrity_monitoring": true,
                    "enable_secure_boot": false
                  }
                ],
                "sole_tenant_config": [],
                "spot": false,
                "tags": [],
                "taint": [],
                "workload_metadata_config": []
              }
            ],
            "node_locations": [],
            "node_pool": [
              {
                "autoscaling": [],
                "initial_node_count": 3,
                "instance_group_urls": [
                  "https://www.googleapis.com/compute/v1/projects/mydevopsproject-395211/zones/europe-west1-b/instanceGroupManagers/gke-my-gke-cluster-default-pool-1c3f5139-grp"
                ],
                "managed_instance_group_urls": [
                  "https://www.googleapis.com/compute/v1/projects/mydevopsproject-395211/zones/europe-west1-b/instanceGroups/gke-my-gke-cluster-default-pool-1c3f5139-grp"
                ],
                "management": [
                  {
                    "auto_repair": true,
                    "auto_upgrade": true
                  }
                ],
                "max_pods_per_node": 0,
                "name": "default-pool",
                "name_prefix": "",
                "network_config": [
                  {
                    "create_pod_range": false,
                    "enable_private_nodes": false,
                    "pod_cidr_overprovision_config": [],
                    "pod_ipv4_cidr_block": "",
                    "pod_range": ""
                  }
                ],
                "node_config": [
                  {
                    "advanced_machine_features": [],
                    "boot_disk_kms_key": "",
                    "disk_size_gb": 100,
                    "disk_type": "pd-balanced",
                    "ephemeral_storage_local_ssd_config": [],
                    "gcfs_config": [],
                    "guest_accelerator": [],
                    "gvnic": [],
                    "image_type": "COS_CONTAINERD",
                    "kubelet_config": [],
                    "labels": {},
                    "linux_node_config": [],
                    "local_nvme_ssd_block_config": [],
                    "local_ssd_count": 0,
                    "logging_variant": "DEFAULT",
                    "machine_type": "e2-medium",
                    "metadata": {
                      "disable-legacy-endpoints": "true"
                    },
                    "min_cpu_platform": "",
                    "node_group": "",
                    "oauth_scopes": [
                      "https://www.googleapis.com/auth/devstorage.read_only",
                      "https://www.googleapis.com/auth/logging.write",
                      "https://www.googleapis.com/auth/monitoring",
                      "https://www.googleapis.com/auth/service.management.readonly",
                      "https://www.googleapis.com/auth/servicecontrol",
                      "https://www.googleapis.com/auth/trace.append"
                    ],
                    "preemptible": false,
                    "reservation_affinity": [],
                    "resource_labels": {},
                    "service_account": "default",
                    "shielded_instance_config": [
                      {
                        "enable_integrity_monitoring": true,
                        "enable_secure_boot": false
                      }
                    ],
                    "sole_tenant_config": [],
                    "spot": false,
                    "tags": [],
                    "taint": [],
                    "workload_metadata_config": []
                  }
                ],
                "node_count": 3,
                "node_locations": [
                  "europe-west1-b"
                ],
                "placement_policy": [],
                "upgrade_settings": [
                  {
                    "blue_green_settings": [],
                    "max_surge": 1,
                    "max_unavailable": 0,
                    "strategy": "SURGE"
                  }
                ],
                "version": "1.27.2-gke.1200"
              }
            ],
            "node_pool_defaults": [
              {
                "node_config_defaults": [
                  {
                    "logging_variant": "DEFAULT"
                  }
                ]
              }
            ],
            "node_version": "1.27.2-gke.1200",
            "notification_config": [
              {
                "pubsub": [
                  {
                    "enabled": false,
                    "filter": [],
                    "topic": ""
                  }
                ]
              }
            ],
            "operation": null,
            "private_cluster_config": [
              {
                "enable_private_endpoint": false,
                "enable_private_nodes": false,
                "master_global_access_config": [
                  {
                    "enabled": false
                  }
                ],
                "master_ipv4_cidr_block": "",
                "peering_name": "",
                "private_endpoint": "10.132.0.6",
                "private_endpoint_subnetwork": "",
                "public_endpoint": "34.140.65.96"
              }
            ],
            "private_ipv6_google_access": "",
            "project": "mydevopsproject-395211",
            "release_channel": [
              {
                "channel": "REGULAR"
              }
            ],
            "remove_default_node_pool": null,
            "resource_labels": {},
            "resource_usage_export_config": [],
            "security_posture_config": [
              {
                "mode": "MODE_UNSPECIFIED",
                "vulnerability_mode": "VULNERABILITY_MODE_UNSPECIFIED"
              }
            ],
            "self_link": "https://container.googleapis.com/v1/projects/mydevopsproject-395211/zones/europe-west1-b/clusters/my-gke-cluster",
            "service_external_ips_config": [
              {
                "enabled": false
              }
            ],
            "services_ipv4_cidr": "10.3.240.0/20",
            "subnetwork": "projects/mydevopsproject-395211/regions/europe-west1/subnetworks/default",
            "timeouts": null,
            "tpu_ipv4_cidr_block": "",
            "vertical_pod_autoscaling": [],
            "workload_identity_config": []
          },
          "sensitive_attributes": [],
          "private": "eyJlMmJmYjczMC1lY2FhLTExZTYtOGY4OC0zNDM2M2JjN2M0YzAiOnsiY3JlYXRlIjoyNDAwMDAwMDAwMDAwLCJkZWxldGUiOjI0MDAwMDAwMDAwMDAsInJlYWQiOjI0MDAwMDAwMDAwMDAsInVwZGF0ZSI6MzYwMDAwMDAwMDAwMH0sInNjaGVtYV92ZXJzaW9uIjoiMSJ9"
        }
      ]
    },
    {
      "mode": "managed",
      "type": "google_sql_database_instance",
      "name": "my_db_instance",
      "provider": "provider[\"registry.terraform.io/hashicorp/google\"]",
      "instances": [
        {
          "schema_version": 0,
          "attributes": {
            "available_maintenance_versions": [],
            "clone": [],
            "connection_name": "mydevopsproject-395211:europe-west1:my-database-instance",
            "database_version": "MYSQL_8_0",
            "deletion_protection": true,
            "encryption_key_name": null,
            "first_ip_address": "35.241.209.128",
            "id": "my-database-instance",
            "instance_type": "CLOUD_SQL_INSTANCE",
            "ip_address": [
              {
                "ip_address": "35.241.209.128",
                "time_to_retire": "",
                "type": "PRIMARY"
              }
            ],
            "maintenance_version": "MYSQL_8_0_31.R20230624.00_05",
            "master_instance_name": "",
            "name": "my-database-instance",
            "private_ip_address": "",
            "project": "mydevopsproject-395211",
            "public_ip_address": "35.241.209.128",
            "region": "europe-west1",
            "replica_configuration": [],
            "restore_backup_context": [],
            "root_password": null,
            "self_link": "https://sqladmin.googleapis.com/sql/v1beta4/projects/mydevopsproject-395211/instances/my-database-instance",
            "server_ca_cert": [
              {
                "cert": "-----BEGIN CERTIFICATE-----\nMIIDfzCCAmegAwIBAgIBADANBgkqhkiG9w0BAQsFADB3MS0wKwYDVQQuEyRjMjEw\nOTM2OC01MjZkLTQ5MWEtYWJlOC1iYTBmOTg0YmM3NWMxIzAhBgNVBAMTGkdvb2ds\nZSBDbG91ZCBTUUwgU2VydmVyIENBMRQwEgYDVQQKEwtHb29nbGUsIEluYzELMAkG\nA1UEBhMCVVMwHhcNMjMwODA3MTIyMjU2WhcNMzMwODA0MTIyMzU2WjB3MS0wKwYD\nVQQuEyRjMjEwOTM2OC01MjZkLTQ5MWEtYWJlOC1iYTBmOTg0YmM3NWMxIzAhBgNV\nBAMTGkdvb2dsZSBDbG91ZCBTUUwgU2VydmVyIENBMRQwEgYDVQQKEwtHb29nbGUs\nIEluYzELMAkGA1UEBhMCVVMwggEiMA0GCSqGSIb3DQEBAQUAA4IBDwAwggEKAoIB\nAQDZmtM0Q+ZeJUUAS+8KTA33/Nu972mAn+xlZbM64NQ2JpwO0VQosThozFDNCtC5\nKzte1a4O1YmEbq/7BE4Ae0xb8CO5hvjuORnYFT/r0doa01yAUEItVCJLqAwbe9f3\n8eij/gqg5fG5dfH6sJAgcM0PCPiIGFeeflghHn5UjvBF4W7lJwZud1oO2/35gZe/\nnKIJ9/2kM/EapRlZPfRjD0eXe2lO5gMRlrfY5yL+nDT3awd/rf6MuPkAq4F2xACE\nKVqwoETTRohuly5eTp6cqNKw1eM72hnqzqxwwLzF5WQjBHwIZDzSqsNrH/ViTZm4\nrapc9C/K3ZayebiwjjWi7eW5AgMBAAGjFjAUMBIGA1UdEwEB/wQIMAYBAf8CAQAw\nDQYJKoZIhvcNAQELBQADggEBABMI0ah3Z2S0qSfjxqBBYPBrGsf9M84yXM4dwTM4\neTbnUWFKQE01ejNQDaveC8adHRPf/pZxyX5xAmtVOGLkyrX8VQVIDdXCF21Lslee\nIlfGkIZEp8yQbnTlF4Ij1/r+BpEeafLm5TPB9RtyEjaVfNtucVuV2wAjPrjL3EOb\n/zhrux4dbPRowrxKxK346kzfvB9MgKVDDbzNGfj1uSbPnaZQmP++F6LdpSLZdAcY\nW/llliJpW7Ef8NmIcIi5TGXMguj8Dj+8p5/CVv5iPbGRWiH0wxgRTje4vfImdJbx\n7CjvCs98jlaoKl+AQ6QUMLf7bMHYfrvPbDdCGOKQtsiwwLE=\n-----END CERTIFICATE-----",
                "common_name": "C=US,O=Google\\, Inc,CN=Google Cloud SQL Server CA,dnQualifier=c2109368-526d-491a-abe8-ba0f984bc75c",
                "create_time": "2023-08-07T12:22:56.435Z",
                "expiration_time": "2033-08-04T12:23:56.435Z",
                "sha1_fingerprint": "7d6fc6a0bf32801fc0057e443b7a3ff4b57aa829"
              }
            ],
            "service_account_email_address": "p272108916101-2uu2u3@gcp-sa-cloud-sql.iam.gserviceaccount.com",
            "settings": [
              {
                "activation_policy": "ALWAYS",
                "active_directory_config": [],
                "advanced_machine_features": [],
                "availability_type": "ZONAL",
                "backup_configuration": [
                  {
                    "backup_retention_settings": [
                      {
                        "retained_backups": 7,
                        "retention_unit": "COUNT"
                      }
                    ],
                    "binary_log_enabled": false,
                    "enabled": true,
                    "location": "",
                    "point_in_time_recovery_enabled": false,
                    "start_time": "16:00",
                    "transaction_log_retention_days": 7
                  }
                ],
                "collation": "",
                "connector_enforcement": "NOT_REQUIRED",
                "data_cache_config": [],
                "database_flags": [],
                "deletion_protection_enabled": false,
                "deny_maintenance_period": [],
                "disk_autoresize": true,
                "disk_autoresize_limit": 0,
                "disk_size": 10,
                "disk_type": "PD_SSD",
                "edition": "",
                "insights_config": [],
                "ip_configuration": [
                  {
                    "allocated_ip_range": "",
                    "authorized_networks": [],
                    "enable_private_path_for_google_cloud_services": false,
                    "ipv4_enabled": true,
                    "private_network": "",
                    "require_ssl": false
                  }
                ],
                "location_preference": [
                  {
                    "follow_gae_application": "",
                    "secondary_zone": "",
                    "zone": "europe-west1-d"
                  }
                ],
                "maintenance_window": [],
                "password_validation_policy": [],
                "pricing_plan": "PER_USE",
                "sql_server_audit_config": [],
                "tier": "db-f1-micro",
                "time_zone": "",
                "user_labels": {},
                "version": 1
              }
            ],
            "timeouts": null
          },
          "sensitive_attributes": [],
          "private": "eyJlMmJmYjczMC1lY2FhLTExZTYtOGY4OC0zNDM2M2JjN2M0YzAiOnsiY3JlYXRlIjoyNDAwMDAwMDAwMDAwLCJkZWxldGUiOjE4MDAwMDAwMDAwMDAsInVwZGF0ZSI6MTgwMDAwMDAwMDAwMH19"
        }
      ]
    },
    {
      "mode": "managed",
      "type": "kubernetes_horizontal_pod_autoscaler",
      "name": "app_hpa",
      "provider": "provider[\"registry.terraform.io/hashicorp/kubernetes\"]",
      "instances": []
    }
  ],
  "check_results": null
}
